
Microsoft Visual Studio Solution File, Format Version 12.00
# Visual Studio Express 2012 for Web
Project("{FAE04EC0-301F-11D3-BF4B-00C04F79EFBC}") = "AutomationII", "AutomationII\AutomationII.csproj", "{9B650003-FBEF-45E7-8188-FD515AAAA9F9}"
EndProject
Project("{2150E333-8FDC-42A3-9474-1A3956D46DE8}") = "Solution Items", "Solution Items", "{E1080F2B-4592-44ED-8413-FAEFF3027C82}"
EndProject
Project("{2150E333-8FDC-42A3-9474-1A3956D46DE8}") = ".nuget", ".nuget", "{5E59A5DD-9A49-4DA0-A167-FFE193179C2E}"
	ProjectSection(SolutionItems) = preProject
		.nuget\packages.config = .nuget\packages.config
	EndProjectSection
EndProject
Global
	GlobalSection(SolutionConfigurationPlatforms) = preSolution
		Debug|Any CPU = Debug|Any CPU
		Release|Any CPU = Release|Any CPU
	EndGlobalSection
	GlobalSection(ProjectConfigurationPlatforms) = postSolution
		{9B650003-FBEF-45E7-8188-FD515AAAA9F9}.Debug|Any CPU.ActiveCfg = Debug|Any CPU
		{9B650003-FBEF-45E7-8188-FD515AAAA9F9}.Debug|Any CPU.Build.0 = Debug|Any CPU
		{9B650003-FBEF-45E7-8188-FD515AAAA9F9}.Release|Any CPU.ActiveCfg = Release|Any CPU
		{9B650003-FBEF-45E7-8188-FD515AAAA9F9}.Release|Any CPU.Build.0 = Release|Any CPU
	EndGlobalSection
	GlobalSection(SolutionProperties) = preSolution
		HideSolutionNode = FALSE
	EndGlobalSection
EndGlobal
